Microsoft Visual Studio Solution File, Format Version 11.00
# Visual Studio 2008

Project("{EE530946-06F9-1605-DE15-03A26BACD8F2}") = "Generals", "Assembly-CSharp-firstpass-vs.csproj", "{1A495794-F5E1-5A68-3B27-ABD2BB1D89AF}"
EndProject
Project("{EE530946-06F9-1605-DE15-03A26BACD8F2}") = "Generals", "Assembly-CSharp-Editor-vs.csproj", "{E5F45327-9F48-196C-E239-4E4AF4A7B181}"
EndProject
Global
	GlobalSection(SolutionConfigurationPlatforms) = preSolution
		Debug|Any CPU = Debug|Any CPU
		Release|Any CPU = Release|Any CPU
	EndGlobalSection
	GlobalSection(ProjectConfigurationPlatforms) = postSolution
		{1A495794-F5E1-5A68-3B27-ABD2BB1D89AF}.Debug|Any CPU.ActiveCfg = Debug|Any CPU
		{1A495794-F5E1-5A68-3B27-ABD2BB1D89AF}.Debug|Any CPU.Build.0 = Debug|Any CPU
		{1A495794-F5E1-5A68-3B27-ABD2BB1D89AF}.Release|Any CPU.ActiveCfg = Release|Any CPU
		{1A495794-F5E1-5A68-3B27-ABD2BB1D89AF}.Release|Any CPU.Build.0 = Release|Any CPU
		{E5F45327-9F48-196C-E239-4E4AF4A7B181}.Debug|Any CPU.ActiveCfg = Debug|Any CPU
		{E5F45327-9F48-196C-E239-4E4AF4A7B181}.Debug|Any CPU.Build.0 = Debug|Any CPU
		{E5F45327-9F48-196C-E239-4E4AF4A7B181}.Release|Any CPU.ActiveCfg = Release|Any CPU
		{E5F45327-9F48-196C-E239-4E4AF4A7B181}.Release|Any CPU.Build.0 = Release|Any CPU
	EndGlobalSection
	GlobalSection(SolutionProperties) = preSolution
		HideSolutionNode = FALSE
	EndGlobalSection
																	GlobalSection(MonoDevelopProperties) = preSolution
		StartupItem = Assembly-CSharp.csproj
		Policies = $0
		$0.TextStylePolicy = $1
		$1.inheritsSet = null
		$1.scope = text/x-csharp
		$0.CSharpFormattingPolicy = $2
		$2.inheritsSet = Mono
		$2.inheritsScope = text/x-csharp
		$2.scope = text/x-csharp
		$0.TextStylePolicy = $3
		$3.FileWidth = 120
		$3.TabWidth = 4
		$3.IndentWidth = 4
		$3.EolMarker = Unix
		$3.inheritsSet = Mono
		$3.inheritsScope = text/plain
		$3.scope = text/plain
	EndGlobalSection

EndGlobal
